
Microsoft Visual Studio Solution File, Format Version 12.00
# Visual Studio Version 16
VisualStudioVersion = 16.0.30523.141
MinimumVisualStudioVersion = 10.0.40219.1
Project("{8BC9CEB8-8B4A-11D0-8D11-00A0C91BC942}") = "RapidXML", "RapidXML\RapidXML.vcxproj", "{EF62215D-D18B-4D82-9EB8-0B49480670A6}"
EndProject
Global
	GlobalSection(SolutionConfigurationPlatforms) = preSolution
		Debug|x64 = Debug|x64
		Debug|x86 = Debug|x86
		Release|x64 = Release|x64
		Release|x86 = Release|x86
	EndGlobalSection
	GlobalSection(ProjectConfigurationPlatforms) = postSolution
		{EF62215D-D18B-4D82-9EB8-0B49480670A6}.Debug|x64.ActiveCfg = Debug|x64
		{EF62215D-D18B-4D82-9EB8-0B49480670A6}.Debug|x64.Build.0 = Debug|x64
		{EF62215D-D18B-4D82-9EB8-0B49480670A6}.Debug|x86.ActiveCfg = Debug|Win32
		{EF62215D-D18B-4D82-9EB8-0B49480670A6}.Debug|x86.Build.0 = Debug|Win32
		{EF62215D-D18B-4D82-9EB8-0B49480670A6}.Release|x64.ActiveCfg = Release|x64
		{EF62215D-D18B-4D82-9EB8-0B49480670A6}.Release|x64.Build.0 = Release|x64
		{EF62215D-D18B-4D82-9EB8-0B49480670A6}.Release|x86.ActiveCfg = Release|Win32
		{EF62215D-D18B-4D82-9EB8-0B49480670A6}.Release|x86.Build.0 = Release|Win32
	EndGlobalSection
	GlobalSection(SolutionProperties) = preSolution
		HideSolutionNode = FALSE
	EndGlobalSection
	GlobalSection(ExtensibilityGlobals) = postSolution
		SolutionGuid = {674E6557-F26E-4B32-9D78-3CCCB2A2A211}
	EndGlobalSection
EndGlobal
